{
  "name": "FBKINGDOM-FONT",
  "lockfileVersion": 3,
  "requires": true,
  "packages": {
    "": {
      "dependencies": {
        "@lexical/react": "^0.20.0",
        "lexical": "^0.20.0",
        "react": "^18.3.1",
        "react-dom": "^18.3.1"
      },
      "devDependencies": {
        "@types/react": "^18.3.12",
        "@types/react-dom": "^18.3.1",
        "esbuild": "^0.24.0",
        "prettier": "^3.3.3",
        "typescript": "^5.6.3"
      }
    },
    "node_modules/@babel/runtime": {
      "version": "7.26.0",
      "resolved": "https://registry.npmjs.org/@babel/runtime/-/runtime-7.26.0.tgz",
      "integrity": "sha512-FDSOghenHTiToteC/QRlv2q3DhPZ/oOXTBoirfWNx1Cx3TMVcGWQtMMmQcSvb/JjpNeGzx8Pq/b4fKEJuWm1sw==",
      "license": "MIT",
      "dependencies": {
        "regenerator-runtime": "^0.14.0"
      },
      "engines": {
        "node": ">=6.9.0"
      }
    },
    "node_modules/@esbuild/aix-ppc64": {
      "version": "0.24.0",
      "resolved": "https://registry.npmjs.org/@esbuild/aix-ppc64/-/aix-ppc64-0.24.0.tgz",
      "integrity": "sha512-WtKdFM7ls47zkKHFVzMz8opM7LkcsIp9amDUBIAWirg70RM71WRSjdILPsY5Uv1D42ZpUfaPILDlfactHgsRkw==",
      "cpu": [
        "ppc64"
      ],
      "dev": true,
      "license": "MIT",
      "optional": true,
      "os": [
        "aix"
      ],
      "engines": {
        "node": ">=18"
      }
    },
    "node_modules/@esbuild/android-arm": {
      "version": "0.24.0",
      "resolved": "https://registry.npmjs.org/@esbuild/android-arm/-/android-arm-0.24.0.tgz",
      "integrity": "sha512-arAtTPo76fJ/ICkXWetLCc9EwEHKaeya4vMrReVlEIUCAUncH7M4bhMQ+M9Vf+FFOZJdTNMXNBrWwW+OXWpSew==",
      "cpu": [
        "arm"
      ],
      "dev": true,
      "license": "MIT",
      "optional": true,
      "os": [
        "android"
      ],
      "engines": {
        "node": ">=18"
      }
    },
    "node_modules/@esbuild/android-arm64": {
      "version": "0.24.0",
      "resolved": "https://registry.npmjs.org/@esbuild/android-arm64/-/android-arm64-0.24.0.tgz",
      "integrity": "sha512-Vsm497xFM7tTIPYK9bNTYJyF/lsP590Qc1WxJdlB6ljCbdZKU9SY8i7+Iin4kyhV/KV5J2rOKsBQbB77Ab7L/w==",
      "cpu": [
        "arm64"
      ],
      "dev": true,
      "license": "MIT",
      "optional": true,
      "os": [
        "android"
      ],
      "engines": {
        "node": ">=18"
      }
    },
    "node_modules/@esbuild/android-x64": {
      "version": "0.24.0",
      "resolved": "https://registry.npmjs.org/@esbuild/android-x64/-/android-x64-0.24.0.tgz",
      "integrity": "sha512-t8GrvnFkiIY7pa7mMgJd7p8p8qqYIz1NYiAoKc75Zyv73L3DZW++oYMSHPRarcotTKuSs6m3hTOa5CKHaS02TQ==",
      "cpu": [
        "x64"
      ],
      "dev": true,
      "license": "MIT",
      "optional": true,
      "os": [
        "android"
      ],
      "engines": {
        "node": ">=18"
      }
    },
    "node_modules/@esbuild/darwin-arm64": {
      "version": "0.24.0",
      "resolved": "https://registry.npmjs.org/@esbuild/darwin-arm64/-/darwin-arm64-0.24.0.tgz",
      "integrity": "sha512-CKyDpRbK1hXwv79soeTJNHb5EiG6ct3efd/FTPdzOWdbZZfGhpbcqIpiD0+vwmpu0wTIL97ZRPZu8vUt46nBSw==",
      "cpu": [
        "arm64"
      ],
      "dev": true,
      "license": "MIT",
      "optional": true,
      "os": [
        "darwin"
      ],
      "engines": {
        "node": ">=18"
      }
    },
    "node_modules/@esbuild/darwin-x64": {
      "version": "0.24.0",
      "resolved": "https://registry.npmjs.org/@esbuild/darwin-x64/-/darwin-x64-0.24.0.tgz",
      "integrity": "sha512-rgtz6flkVkh58od4PwTRqxbKH9cOjaXCMZgWD905JOzjFKW+7EiUObfd/Kav+A6Gyud6WZk9w+xu6QLytdi2OA==",
      "cpu": [
        "x64"
      ],
      "dev": true,
      "license": "MIT",
      "optional": true,
      "os": [
        "darwin"
      ],
      "engines": {
        "node": ">=18"
      }
    },
    "node_modules/@esbuild/freebsd-arm64": {
      "version": "0.24.0",
      "resolved": "https://registry.npmjs.org/@esbuild/freebsd-arm64/-/freebsd-arm64-0.24.0.tgz",
      "integrity": "sha512-6Mtdq5nHggwfDNLAHkPlyLBpE5L6hwsuXZX8XNmHno9JuL2+bg2BX5tRkwjyfn6sKbxZTq68suOjgWqCicvPXA==",
      "cpu": [
        "arm64"
      ],
      "dev": true,
      "license": "MIT",
      "optional": true,
      "os": [
        "freebsd"
      ],
      "engines": {
        "node": ">=18"
      }
    },
    "node_modules/@esbuild/freebsd-x64": {
      "version": "0.24.0",
      "resolved": "https://registry.npmjs.org/@esbuild/freebsd-x64/-/freebsd-x64-0.24.0.tgz",
      "integrity": "sha512-D3H+xh3/zphoX8ck4S2RxKR6gHlHDXXzOf6f/9dbFt/NRBDIE33+cVa49Kil4WUjxMGW0ZIYBYtaGCa2+OsQwQ==",
      "cpu": [
        "x64"
      ],
      "dev": true,
      "license": "MIT",
      "optional": true,
      "os": [
        "freebsd"
      ],
      "engines": {
        "node": ">=18"
      }
    },
    "node_modules/@esbuild/linux-arm": {
      "version": "0.24.0",
      "resolved": "https://registry.npmjs.org/@esbuild/linux-arm/-/linux-arm-0.24.0.tgz",
      "integrity": "sha512-gJKIi2IjRo5G6Glxb8d3DzYXlxdEj2NlkixPsqePSZMhLudqPhtZ4BUrpIuTjJYXxvF9njql+vRjB2oaC9XpBw==",
      "cpu": [
        "arm"
      ],
      "dev": true,
      "license": "MIT",
      "optional": true,
      "os": [
        "linux"
      ],
      "engines": {
        "node": ">=18"
      }
    },
    "node_modules/@esbuild/linux-arm64": {
      "version": "0.24.0",
      "resolved": "https://registry.npmjs.org/@esbuild/linux-arm64/-/linux-arm64-0.24.0.tgz",
      "integrity": "sha512-TDijPXTOeE3eaMkRYpcy3LarIg13dS9wWHRdwYRnzlwlA370rNdZqbcp0WTyyV/k2zSxfko52+C7jU5F9Tfj1g==",
      "cpu": [
        "arm64"
      ],
      "dev": true,
      "license": "MIT",
      "optional": true,
      "os": [
        "linux"
      ],
      "engines": {
        "node": ">=18"
      }
    },
    "node_modules/@esbuild/linux-ia32": {
      "version": "0.24.0",
      "resolved": "https://registry.npmjs.org/@esbuild/linux-ia32/-/linux-ia32-0.24.0.tgz",
      "integrity": "sha512-K40ip1LAcA0byL05TbCQ4yJ4swvnbzHscRmUilrmP9Am7//0UjPreh4lpYzvThT2Quw66MhjG//20mrufm40mA==",
      "cpu": [
        "ia32"
      ],
      "dev": true,
      "license": "MIT",
      "optional": true,
      "os": [
        "linux"
      ],
      "engines": {
        "node": ">=18"
      }
    },
    "node_modules/@esbuild/linux-loong64": {
      "version": "0.24.0",
      "resolved": "https://registry.npmjs.org/@esbuild/linux-loong64/-/linux-loong64-0.24.0.tgz",
      "integrity": "sha512-0mswrYP/9ai+CU0BzBfPMZ8RVm3RGAN/lmOMgW4aFUSOQBjA31UP8Mr6DDhWSuMwj7jaWOT0p0WoZ6jeHhrD7g==",
      "cpu": [
        "loong64"
      ],
      "dev": true,
      "license": "MIT",
      "optional": true,
      "os": [
        "linux"
      ],
      "engines": {
        "node": ">=18"
      }
    },
    "node_modules/@esbuild/linux-mips64el": {
      "version": "0.24.0",
      "resolved": "https://registry.npmjs.org/@esbuild/linux-mips64el/-/linux-mips64el-0.24.0.tgz",
      "integrity": "sha512-hIKvXm0/3w/5+RDtCJeXqMZGkI2s4oMUGj3/jM0QzhgIASWrGO5/RlzAzm5nNh/awHE0A19h/CvHQe6FaBNrRA==",
      "cpu": [
        "mips64el"
      ],
      "dev": true,
      "license": "MIT",
      "optional": true,
      "os": [
        "linux"
      ],
      "engines": {
        "node": ">=18"
      }
    },
    "node_modules/@esbuild/linux-ppc64": {
      "version": "0.24.0",
      "resolved": "https://registry.npmjs.org/@esbuild/linux-ppc64/-/linux-ppc64-0.24.0.tgz",
      "integrity": "sha512-HcZh5BNq0aC52UoocJxaKORfFODWXZxtBaaZNuN3PUX3MoDsChsZqopzi5UupRhPHSEHotoiptqikjN/B77mYQ==",
      "cpu": [
        "ppc64"
      ],
      "dev": true,
      "license": "MIT",
      "optional": true,
      "os": [
        "linux"
      ],
      "engines": {
        "node": ">=18"
      }
    },
    "node_modules/@esbuild/linux-riscv64": {
      "version": "0.24.0",
      "resolved": "https://registry.npmjs.org/@esbuild/linux-riscv64/-/linux-riscv64-0.24.0.tgz",
      "integrity": "sha512-bEh7dMn/h3QxeR2KTy1DUszQjUrIHPZKyO6aN1X4BCnhfYhuQqedHaa5MxSQA/06j3GpiIlFGSsy1c7Gf9padw==",
      "cpu": [
        "riscv64"
      ],
      "dev": true,
      "license": "MIT",
      "optional": true,
      "os": [
        "linux"
      ],
      "engines": {
        "node": ">=18"
      }
    },
    "node_modules/@esbuild/linux-s390x": {
      "version": "0.24.0",
      "resolved": "https://registry.npmjs.org/@esbuild/linux-s390x/-/linux-s390x-0.24.0.tgz",
      "integrity": "sha512-ZcQ6+qRkw1UcZGPyrCiHHkmBaj9SiCD8Oqd556HldP+QlpUIe2Wgn3ehQGVoPOvZvtHm8HPx+bH20c9pvbkX3g==",
      "cpu": [
        "s390x"
      ],
      "dev": true,
      "license": "MIT",
      "optional": true,
      "os": [
        "linux"
      ],
      "engines": {
        "node": ">=18"
      }
    },
    "node_modules/@esbuild/linux-x64": {
      "version": "0.24.0",
      "resolved": "https://registry.npmjs.org/@esbuild/linux-x64/-/linux-x64-0.24.0.tgz",
      "integrity": "sha512-vbutsFqQ+foy3wSSbmjBXXIJ6PL3scghJoM8zCL142cGaZKAdCZHyf+Bpu/MmX9zT9Q0zFBVKb36Ma5Fzfa8xA==",
      "cpu": [
        "x64"
      ],
      "dev": true,
      "license": "MIT",
      "optional": true,
      "os": [
        "linux"
      ],
      "engines": {
        "node": ">=18"
      }
    },
    "node_modules/@esbuild/netbsd-x64": {
      "version": "0.24.0",
      "resolved": "https://registry.npmjs.org/@esbuild/netbsd-x64/-/netbsd-x64-0.24.0.tgz",
      "integrity": "sha512-hjQ0R/ulkO8fCYFsG0FZoH+pWgTTDreqpqY7UnQntnaKv95uP5iW3+dChxnx7C3trQQU40S+OgWhUVwCjVFLvg==",
      "cpu": [
        "x64"
      ],
      "dev": true,
      "license": "MIT",
      "optional": true,
      "os": [
        "netbsd"
      ],
      "engines": {
        "node": ">=18"
      }
    },
    "node_modules/@esbuild/openbsd-arm64": {
      "version": "0.24.0",
      "resolved": "https://registry.npmjs.org/@esbuild/openbsd-arm64/-/openbsd-arm64-0.24.0.tgz",
      "integrity": "sha512-MD9uzzkPQbYehwcN583yx3Tu5M8EIoTD+tUgKF982WYL9Pf5rKy9ltgD0eUgs8pvKnmizxjXZyLt0z6DC3rRXg==",
      "cpu": [
        "arm64"
      ],
      "dev": true,
      "license": "MIT",
      "optional": true,
      "os": [
        "openbsd"
      ],
      "engines": {
        "node": ">=18"
      }
    },
    "node_modules/@esbuild/openbsd-x64": {
      "version": "0.24.0",
      "resolved": "https://registry.npmjs.org/@esbuild/openbsd-x64/-/openbsd-x64-0.24.0.tgz",
      "integrity": "sha512-4ir0aY1NGUhIC1hdoCzr1+5b43mw99uNwVzhIq1OY3QcEwPDO3B7WNXBzaKY5Nsf1+N11i1eOfFcq+D/gOS15Q==",
      "cpu": [
        "x64"
      ],
      "dev": true,
      "license": "MIT",
      "optional": true,
      "os": [
        "openbsd"
      ],
      "engines": {
        "node": ">=18"
      }
    },
    "node_modules/@esbuild/sunos-x64": {
      "version": "0.24.0",
      "resolved": "https://registry.npmjs.org/@esbuild/sunos-x64/-/sunos-x64-0.24.0.tgz",
      "integrity": "sha512-jVzdzsbM5xrotH+W5f1s+JtUy1UWgjU0Cf4wMvffTB8m6wP5/kx0KiaLHlbJO+dMgtxKV8RQ/JvtlFcdZ1zCPA==",
      "cpu": [
        "x64"
      ],
      "dev": true,
      "license": "MIT",
      "optional": true,
      "os": [
        "sunos"
      ],
      "engines": {
        "node": ">=18"
      }
    },
    "node_modules/@esbuild/win32-arm64": {
      "version": "0.24.0",
      "resolved": "https://registry.npmjs.org/@esbuild/win32-arm64/-/win32-arm64-0.24.0.tgz",
      "integrity": "sha512-iKc8GAslzRpBytO2/aN3d2yb2z8XTVfNV0PjGlCxKo5SgWmNXx82I/Q3aG1tFfS+A2igVCY97TJ8tnYwpUWLCA==",
      "cpu": [
        "arm64"
      ],
      "dev": true,
      "license": "MIT",
      "optional": true,
      "os": [
        "win32"
      ],
      "engines": {
        "node": ">=18"
      }
    },
    "node_modules/@esbuild/win32-ia32": {
      "version": "0.24.0",
      "resolved": "https://registry.npmjs.org/@esbuild/win32-ia32/-/win32-ia32-0.24.0.tgz",
      "integrity": "sha512-vQW36KZolfIudCcTnaTpmLQ24Ha1RjygBo39/aLkM2kmjkWmZGEJ5Gn9l5/7tzXA42QGIoWbICfg6KLLkIw6yw==",
      "cpu": [
        "ia32"
      ],
      "dev": true,
      "license": "MIT",
      "optional": true,
      "os": [
        "win32"
      ],
      "engines": {
        "node": ">=18"
      }
    },
    "node_modules/@esbuild/win32-x64": {
      "version": "0.24.0",
      "resolved": "https://registry.npmjs.org/@esbuild/win32-x64/-/win32-x64-0.24.0.tgz",
      "integrity": "sha512-7IAFPrjSQIJrGsK6flwg7NFmwBoSTyF3rl7If0hNUFQU4ilTsEPL6GuMuU9BfIWVVGuRnuIidkSMC+c0Otu8IA==",
      "cpu": [
        "x64"
      ],
      "dev": true,
      "license": "MIT",
      "optional": true,
      "os": [
        "win32"
      ],
      "engines": {
        "node": ">=18"
      }
    },
    "node_modules/@lexical/clipboard": {
      "version": "0.20.0",
      "resolved": "https://registry.npmjs.org/@lexical/clipboard/-/clipboard-0.20.0.tgz",
      "integrity": "sha512-oHmb9kSVHjeFCd2q8VrEXW22doUHMJ6cGXqo7Ican7Ljl4/9OgRWr+cq55yntoSaJfCrRYkTiZCLDejF2ciSiA==",
      "license": "MIT",
      "dependencies": {
        "@lexical/html": "0.20.0",
        "@lexical/list": "0.20.0",
        "@lexical/selection": "0.20.0",
        "@lexical/utils": "0.20.0",
        "lexical": "0.20.0"
      }
    },
    "node_modules/@lexical/code": {
      "version": "0.20.0",
      "resolved": "https://registry.npmjs.org/@lexical/code/-/code-0.20.0.tgz",
      "integrity": "sha512-zFsVGuzIn4CQxEnlW4AG/Hq6cyATVZ4fZTxozE/f5oK4vDPvnY/goRxrzSuAMX73A/HRX3kTEzMDcm4taRM3Mg==",
      "license": "MIT",
      "dependencies": {
        "@lexical/utils": "0.20.0",
        "lexical": "0.20.0",
        "prismjs": "^1.27.0"
      }
    },
    "node_modules/@lexical/devtools-core": {
      "version": "0.20.0",
      "resolved": "https://registry.npmjs.org/@lexical/devtools-core/-/devtools-core-0.20.0.tgz",
      "integrity": "sha512-/CnL+Dfpzw4koy2BTdUICkvrCkMIYG8Y73KB/S1Bt5UzJpD+PV300puWJ0NvUvAj24H78r73jxvK2QUG67Tdaw==",
      "license": "MIT",
      "dependencies": {
        "@lexical/html": "0.20.0",
        "@lexical/link": "0.20.0",
        "@lexical/mark": "0.20.0",
        "@lexical/table": "0.20.0",
        "@lexical/utils": "0.20.0",
        "lexical": "0.20.0"
      },
      "peerDependencies": {
        "react": ">=17.x",
        "react-dom": ">=17.x"
      }
    },
    "node_modules/@lexical/dragon": {
      "version": "0.20.0",
      "resolved": "https://registry.npmjs.org/@lexical/dragon/-/dragon-0.20.0.tgz",
      "integrity": "sha512-3DAHF8mSKiPZtXCqu2P8ynSwS3fGXzg4G/V0lXNjBxhmozjzUzWZRWIWtmTlWdEu9GXsoyeM3agcaxyDPJJwkA==",
      "license": "MIT",
      "dependencies": {
        "lexical": "0.20.0"
      }
    },
    "node_modules/@lexical/hashtag": {
      "version": "0.20.0",
      "resolved": "https://registry.npmjs.org/@lexical/hashtag/-/hashtag-0.20.0.tgz",
      "integrity": "sha512-ldOP/d9tA6V9qvLyr3mRYkcYY5ySOHJ2BFOW/jZPxQcj6lWafS8Lk7XdMUpHHDjRpY2Hizsi5MHJkIqFglYXbw==",
      "license": "MIT",
      "dependencies": {
        "@lexical/utils": "0.20.0",
        "lexical": "0.20.0"
      }
    },
    "node_modules/@lexical/history": {
      "version": "0.20.0",
      "resolved": "https://registry.npmjs.org/@lexical/history/-/history-0.20.0.tgz",
      "integrity": "sha512-dXtIS31BU6RmLX2KwLAi1EgGl+USeyi+rshh19azACXHPFqONZgPd2t21LOLSFn7C1/W+cSp/kqVDlQVbZUZRA==",
      "license": "MIT",
      "dependencies": {
        "@lexical/utils": "0.20.0",
        "lexical": "0.20.0"
      }
    },
    "node_modules/@lexical/html": {
      "version": "0.20.0",
      "resolved": "https://registry.npmjs.org/@lexical/html/-/html-0.20.0.tgz",
      "integrity": "sha512-ob7QHkEv+mhaZjlurDj90UmEyN9G4rzBPR5QV42PLnu1qMSviMEdI5V3a5/A5aFf/FDDQ+0GAgWBFnA/MEDczQ==",
      "license": "MIT",
      "dependencies": {
        "@lexical/selection": "0.20.0",
        "@lexical/utils": "0.20.0",
        "lexical": "0.20.0"
      }
    },
    "node_modules/@lexical/link": {
      "version": "0.20.0",
      "resolved": "https://registry.npmjs.org/@lexical/link/-/link-0.20.0.tgz",
      "integrity": "sha512-zicDcfgRZPRFZ8WOZv5er0Aqkde+i7QoFVkLQD4dNLLORjoMSJOISJH6VEdjBl3k7QJTxbfrt+xT5d/ZsAN5GA==",
      "license": "MIT",
      "dependencies": {
        "@lexical/utils": "0.20.0",
        "lexical": "0.20.0"
      }
    },
    "node_modules/@lexical/list": {
      "version": "0.20.0",
      "resolved": "https://registry.npmjs.org/@lexical/list/-/list-0.20.0.tgz",
      "integrity": "sha512-ufSse8ui3ooUe0HA/yF/9STrG8wYhIDLMRhELOw80GFCkPJaxs6yRvjfmJooH5IC88rpUJ5XXFFiZKfGxEZLEw==",
      "license": "MIT",
      "dependencies": {
        "@lexical/utils": "0.20.0",
        "lexical": "0.20.0"
      }
    },
    "node_modules/@lexical/mark": {
      "version": "0.20.0",
      "resolved": "https://registry.npmjs.org/@lexical/mark/-/mark-0.20.0.tgz",
      "integrity": "sha512-1P2izmkgZ4VDp+49rWO1KfWivL5aA30y5kkYbFZ/CS05fgbO7ogMjLSajpz+RN/zzW79v3q4YfikrMgaD23InA==",
      "license": "MIT",
      "dependencies": {
        "@lexical/utils": "0.20.0",
        "lexical": "0.20.0"
      }
    },
    "node_modules/@lexical/markdown": {
      "version": "0.20.0",
      "resolved": "https://registry.npmjs.org/@lexical/markdown/-/markdown-0.20.0.tgz",
      "integrity": "sha512-ZoGsECejp9z6MEvc8l81b1h1aWbB3sTq6xOFeUTbDL5vKpA67z5CmQQLi0uZWrygrbO9dSE3Q/JGcodUrczxbw==",
      "license": "MIT",
      "dependencies": {
        "@lexical/code": "0.20.0",
        "@lexical/link": "0.20.0",
        "@lexical/list": "0.20.0",
        "@lexical/rich-text": "0.20.0",
        "@lexical/text": "0.20.0",
        "@lexical/utils": "0.20.0",
        "lexical": "0.20.0"
      }
    },
    "node_modules/@lexical/offset": {
      "version": "0.20.0",
      "resolved": "https://registry.npmjs.org/@lexical/offset/-/offset-0.20.0.tgz",
      "integrity": "sha512-VMhxsxxDGnpVw0jgC8UlDf0Q2RHIHbS49uZgs3l9nP+O+G8s3b76Ta4Tb+iJOK2FY6874/TcQMbSuXGhfpQk8A==",
      "license": "MIT",
      "dependencies": {
        "lexical": "0.20.0"
      }
    },
    "node_modules/@lexical/overflow": {
      "version": "0.20.0",
      "resolved": "https://registry.npmjs.org/@lexical/overflow/-/overflow-0.20.0.tgz",
      "integrity": "sha512-z4lElzLm1FVifc7bzBZN4VNKeTuwygpyHQvCJVWXzF2Kbvex43PEYMi8u4A83idVqbmzbyBLASwUJS0voLoPLw==",
      "license": "MIT",
      "dependencies": {
        "lexical": "0.20.0"
      }
    },
    "node_modules/@lexical/plain-text": {
      "version": "0.20.0",
      "resolved": "https://registry.npmjs.org/@lexical/plain-text/-/plain-text-0.20.0.tgz",
      "integrity": "sha512-LvoC+9mm2Im1iO8GgtgaqSfW0T3mIE5GQl1xGxbVNdANmtHmBgRAJn2KfQm1XHZP6zydLRMhZkzC+jfInh2yfQ==",
      "license": "MIT",
      "dependencies": {
        "@lexical/clipboard": "0.20.0",
        "@lexical/selection": "0.20.0",
        "@lexical/utils": "0.20.0",
        "lexical": "0.20.0"
      }
    },
    "node_modules/@lexical/react": {
      "version": "0.20.0",
      "resolved": "https://registry.npmjs.org/@lexical/react/-/react-0.20.0.tgz",
      "integrity": "sha512-5QbN5AFtZ9efXxU/M01ADhUZgthR0e8WKi5K/w5EPpWtYFDPQnUte3rKUjYJ7uwG1iwcvaCpuMbxJjHQ+i6pDQ==",
      "license": "MIT",
      "dependencies": {
        "@lexical/clipboard": "0.20.0",
        "@lexical/code": "0.20.0",
        "@lexical/devtools-core": "0.20.0",
        "@lexical/dragon": "0.20.0",
        "@lexical/hashtag": "0.20.0",
        "@lexical/history": "0.20.0",
        "@lexical/link": "0.20.0",
        "@lexical/list": "0.20.0",
        "@lexical/mark": "0.20.0",
        "@lexical/markdown": "0.20.0",
        "@lexical/overflow": "0.20.0",
        "@lexical/plain-text": "0.20.0",
        "@lexical/rich-text": "0.20.0",
        "@lexical/selection": "0.20.0",
        "@lexical/table": "0.20.0",
        "@lexical/text": "0.20.0",
        "@lexical/utils": "0.20.0",
        "@lexical/yjs": "0.20.0",
        "lexical": "0.20.0",
        "react-error-boundary": "^3.1.4"
      },
      "peerDependencies": {
        "react": ">=17.x",
        "react-dom": ">=17.x"
      }
    },
    "node_modules/@lexical/rich-text": {
      "version": "0.20.0",
      "resolved": "https://registry.npmjs.org/@lexical/rich-text/-/rich-text-0.20.0.tgz",
      "integrity": "sha512-BR1pACdMA+Ymef0f5EN1y+9yP8w7S+9MgmBP1yjr3w4KdqRnfSaGWyxwcHU8eA+zu16QfivpB6501VJ90YeuXw==",
      "license": "MIT",
      "dependencies": {
        "@lexical/clipboard": "0.20.0",
        "@lexical/selection": "0.20.0",
        "@lexical/utils": "0.20.0",
        "lexical": "0.20.0"
      }
    },
    "node_modules/@lexical/selection": {
      "version": "0.20.0",
      "resolved": "https://registry.npmjs.org/@lexical/selection/-/selection-0.20.0.tgz",
      "integrity": "sha512-YnkH5UCMNN/em95or/6uwAV31vcENh1Roj+JOg5KD+gJuA7VGdDCy0vZl/o0+1badXozeZ2VRxXNC6JSK7T4+A==",
      "license": "MIT",
      "dependencies": {
        "lexical": "0.20.0"
      }
    },
    "node_modules/@lexical/table": {
      "version": "0.20.0",
      "resolved": "https://registry.npmjs.org/@lexical/table/-/table-0.20.0.tgz",
      "integrity": "sha512-qHuK2rvQUoQDx62YpvJE3Ev4yK9kjRFo79IDBapxrhoXg/wCGQOjMBzVD3G5PWkhyl/GDnww80GwYjLloQLQzg==",
      "license": "MIT",
      "dependencies": {
        "@lexical/clipboard": "0.20.0",
        "@lexical/utils": "0.20.0",
        "lexical": "0.20.0"
      }
    },
    "node_modules/@lexical/text": {
      "version": "0.20.0",
      "resolved": "https://registry.npmjs.org/@lexical/text/-/text-0.20.0.tgz",
      "integrity": "sha512-Fu64i5CIlEOlgucSdp9XFqB2XqoRsw4at76n93+6RF4+LgGDnu4nLXQVCVxNmLcGyh2WgczuTpnk5P2mHNAIUA==",
      "license": "MIT",
      "dependencies": {
        "lexical": "0.20.0"
      }
    },
    "node_modules/@lexical/utils": {
      "version": "0.20.0",
      "resolved": "https://registry.npmjs.org/@lexical/utils/-/utils-0.20.0.tgz",
      "integrity": "sha512-sXIa2nowrNxY8VcjjuxZbJ/HovIql8bmInNaxBR03JAYfqMiL5I5/dYgjOQJV49NJnuR1uTY2GwVxVTXCTFUCw==",
      "license": "MIT",
      "dependencies": {
        "@lexical/list": "0.20.0",
        "@lexical/selection": "0.20.0",
        "@lexical/table": "0.20.0",
        "lexical": "0.20.0"
      }
    },
    "node_modules/@lexical/yjs": {
      "version": "0.20.0",
      "resolved": "https://registry.npmjs.org/@lexical/yjs/-/yjs-0.20.0.tgz",
      "integrity": "sha512-TiHNhu2VkhXN69V+fXVS3xjOQ6aLnheQUGwOAhuFkDPL3VLCb0yl2Mgydpayn+3Grwii4ZBHcF7oCC84GiU5bw==",
      "license": "MIT",
      "dependencies": {
        "@lexical/offset": "0.20.0",
        "@lexical/selection": "0.20.0",
        "lexical": "0.20.0"
      },
      "peerDependencies": {
        "yjs": ">=13.5.22"
      }
    },
    "node_modules/@types/prop-types": {
      "version": "15.7.13",
      "resolved": "https://registry.npmjs.org/@types/prop-types/-/prop-types-15.7.13.tgz",
      "integrity": "sha512-hCZTSvwbzWGvhqxp/RqVqwU999pBf2vp7hzIjiYOsl8wqOmUxkQ6ddw1cV3l8811+kdUFus/q4d1Y3E3SyEifA==",
      "dev": true,
      "license": "MIT"
    },
    "node_modules/@types/react": {
      "version": "18.3.12",
      "resolved": "https://registry.npmjs.org/@types/react/-/react-18.3.12.tgz",
      "integrity": "sha512-D2wOSq/d6Agt28q7rSI3jhU7G6aiuzljDGZ2hTZHIkrTLUI+AF3WMeKkEZ9nN2fkBAlcktT6vcZjDFiIhMYEQw==",
      "dev": true,
      "license": "MIT",
      "dependencies": {
        "@types/prop-types": "*",
        "csstype": "^3.0.2"
      }
    },
    "node_modules/@types/react-dom": {
      "version": "18.3.1",
      "resolved": "https://registry.npmjs.org/@types/react-dom/-/react-dom-18.3.1.tgz",
      "integrity": "sha512-qW1Mfv8taImTthu4KoXgDfLuk4bydU6Q/TkADnDWWHwi4NX4BR+LWfTp2sVmTqRrsHvyDDTelgelxJ+SsejKKQ==",
      "dev": true,
      "license": "MIT",
      "dependencies": {
        "@types/react": "*"
      }
    },
    "node_modules/csstype": {
      "version": "3.1.3",
      "resolved": "https://registry.npmjs.org/csstype/-/csstype-3.1.3.tgz",
      "integrity": "sha512-M1uQkMl8rQK/szD0LNhtqxIPLpimGm8sOBwU7lLnCpSbTyY3yeU1Vc7l4KT5zT4s/yOxHH5O7tIuuLOCnLADRw==",
      "dev": true,
      "license": "MIT"
    },
    "node_modules/esbuild": {
      "version": "0.24.0",
      "resolved": "https://registry.npmjs.org/esbuild/-/esbuild-0.24.0.tgz",
      "integrity": "sha512-FuLPevChGDshgSicjisSooU0cemp/sGXR841D5LHMB7mTVOmsEHcAxaH3irL53+8YDIeVNQEySh4DaYU/iuPqQ==",
      "dev": true,
      "hasInstallScript": true,
      "license": "MIT",
      "bin": {
        "esbuild": "bin/esbuild"
      },
      "engines": {
        "node": ">=18"
      },
      "optionalDependencies": {
        "@esbuild/aix-ppc64": "0.24.0",
        "@esbuild/android-arm": "0.24.0",
        "@esbuild/android-arm64": "0.24.0",
        "@esbuild/android-x64": "0.24.0",
        "@esbuild/darwin-arm64": "0.24.0",
        "@esbuild/darwin-x64": "0.24.0",
        "@esbuild/freebsd-arm64": "0.24.0",
        "@esbuild/freebsd-x64": "0.24.0",
        "@esbuild/linux-arm": "0.24.0",
        "@esbuild/linux-arm64": "0.24.0",
        "@esbuild/linux-ia32": "0.24.0",
        "@esbuild/linux-loong64": "0.24.0",
        "@esbuild/linux-mips64el": "0.24.0",
        "@esbuild/linux-ppc64": "0.24.0",
        "@esbuild/linux-riscv64": "0.24.0",
        "@esbuild/linux-s390x": "0.24.0",
        "@esbuild/linux-x64": "0.24.0",
        "@esbuild/netbsd-x64": "0.24.0",
        "@esbuild/openbsd-arm64": "0.24.0",
        "@esbuild/openbsd-x64": "0.24.0",
        "@esbuild/sunos-x64": "0.24.0",
        "@esbuild/win32-arm64": "0.24.0",
        "@esbuild/win32-ia32": "0.24.0",
        "@esbuild/win32-x64": "0.24.0"
      }
    },
    "node_modules/isomorphic.js": {
      "version": "0.2.5",
      "resolved": "https://registry.npmjs.org/isomorphic.js/-/isomorphic.js-0.2.5.tgz",
      "integrity": "sha512-PIeMbHqMt4DnUP3MA/Flc0HElYjMXArsw1qwJZcm9sqR8mq3l8NYizFMty0pWwE/tzIGH3EKK5+jes5mAr85yw==",
      "license": "MIT",
      "peer": true,
      "funding": {
        "type": "GitHub Sponsors ❤",
        "url": "https://github.com/sponsors/dmonad"
      }
    },
    "node_modules/js-tokens": {
      "version": "4.0.0",
      "resolved": "https://registry.npmjs.org/js-tokens/-/js-tokens-4.0.0.tgz",
      "integrity": "sha512-RdJUflcE3cUzKiMqQgsCu06FPu9UdIJO0beYbPhHN4k6apgJtifcoCtT9bcxOpYBtpD2kCM6Sbzg4CausW/PKQ==",
      "license": "MIT"
    },
    "node_modules/lexical": {
      "version": "0.20.0",
      "resolved": "https://registry.npmjs.org/lexical/-/lexical-0.20.0.tgz",
      "integrity": "sha512-lJEHLFACXqRf3u/VlIOu9T7MJ51O4la92uOBwiS9Sx+juDK3Nrru5Vgl1aUirV1qK8XEM3h6Org2HcrsrzZ3ZA==",
      "license": "MIT"
    },
    "node_modules/lib0": {
      "version": "0.2.98",
      "resolved": "https://registry.npmjs.org/lib0/-/lib0-0.2.98.tgz",
      "integrity": "sha512-XteTiNO0qEXqqweWx+b21p/fBnNHUA1NwAtJNJek1oPrewEZs2uiT4gWivHKr9GqCjDPAhchz0UQO8NwU3bBNA==",
      "license": "MIT",
      "peer": true,
      "dependencies": {
        "isomorphic.js": "^0.2.4"
      },
      "bin": {
        "0ecdsa-generate-keypair": "bin/0ecdsa-generate-keypair.js",
        "0gentesthtml": "bin/gentesthtml.js",
        "0serve": "bin/0serve.js"
      },
      "engines": {
        "node": ">=16"
      },
      "funding": {
        "type": "GitHub Sponsors ❤",
        "url": "https://github.com/sponsors/dmonad"
      }
    },
    "node_modules/loose-envify": {
      "version": "1.4.0",
      "resolved": "https://registry.npmjs.org/loose-envify/-/loose-envify-1.4.0.tgz",
      "integrity": "sha512-lyuxPGr/Wfhrlem2CL/UcnUc1zcqKAImBDzukY7Y5F/yQiNdko6+fRLevlw1HgMySw7f611UIY408EtxRSoK3Q==",
      "license": "MIT",
      "dependencies": {
        "js-tokens": "^3.0.0 || ^4.0.0"
      },
      "bin": {
        "loose-envify": "cli.js"
      }
    },
    "node_modules/prettier": {
      "version": "3.3.3",
      "resolved": "https://registry.npmjs.org/prettier/-/prettier-3.3.3.tgz",
      "integrity": "sha512-i2tDNA0O5IrMO757lfrdQZCc2jPNDVntV0m/+4whiDfWaTKfMNgR7Qz0NAeGz/nRqF4m5/6CLzbP4/liHt12Ew==",
      "dev": true,
      "license": "MIT",
      "bin": {
        "prettier": "bin/prettier.cjs"
      },
      "engines": {
        "node": ">=14"
      },
      "funding": {
        "url": "https://github.com/prettier/prettier?sponsor=1"
      }
    },
    "node_modules/prismjs": {
      "version": "1.29.0",
      "resolved": "https://registry.npmjs.org/prismjs/-/prismjs-1.29.0.tgz",
      "integrity": "sha512-Kx/1w86q/epKcmte75LNrEoT+lX8pBpavuAbvJWRXar7Hz8jrtF+e3vY751p0R8H9HdArwaCTNDDzHg/ScJK1Q==",
      "license": "MIT",
      "engines": {
        "node": ">=6"
      }
    },
    "node_modules/react": {
      "version": "18.3.1",
      "resolved": "https://registry.npmjs.org/react/-/react-18.3.1.tgz",
      "integrity": "sha512-wS+hAgJShR0KhEvPJArfuPVN1+Hz1t0Y6n5jLrGQbkb4urgPE/0Rve+1kMB1v/oWgHgm4WIcV+i7F2pTVj+2iQ==",
      "license": "MIT",
      "dependencies": {
        "loose-envify": "^1.1.0"
      },
      "engines": {
        "node": ">=0.10.0"
      }
    },
    "node_modules/react-dom": {
      "version": "18.3.1",
      "resolved": "https://registry.npmjs.org/react-dom/-/react-dom-18.3.1.tgz",
      "integrity": "sha512-5m4nQKp+rZRb09LNH59GM4BxTh9251/ylbKIbpe7TpGxfJ+9kv6BLkLBXIjjspbgbnIBNqlI23tRnTWT0snUIw==",
      "license": "MIT",
      "dependencies": {
        "loose-envify": "^1.1.0",
        "scheduler": "^0.23.2"
      },
      "peerDependencies": {
        "react": "^18.3.1"
      }
    },
    "node_modules/react-error-boundary": {
      "version": "3.1.4",
      "resolved": "https://registry.npmjs.org/react-error-boundary/-/react-error-boundary-3.1.4.tgz",
      "integrity": "sha512-uM9uPzZJTF6wRQORmSrvOIgt4lJ9MC1sNgEOj2XGsDTRE4kmpWxg7ENK9EWNKJRMAOY9z0MuF4yIfl6gp4sotA==",
      "license": "MIT",
      "dependencies": {
        "@babel/runtime": "^7.12.5"
      },
      "engines": {
        "node": ">=10",
        "npm": ">=6"
      },
      "peerDependencies": {
        "react": ">=16.13.1"
      }
    },
    "node_modules/regenerator-runtime": {
      "version": "0.14.1",
      "resolved": "https://registry.npmjs.org/regenerator-runtime/-/regenerator-runtime-0.14.1.tgz",
      "integrity": "sha512-dYnhHh0nJoMfnkZs6GmmhFknAGRrLznOu5nc9ML+EJxGvrx6H7teuevqVqCuPcPK//3eDrrjQhehXVx9cnkGdw==",
      "license": "MIT"
    },
    "node_modules/scheduler": {
      "version": "0.23.2",
      "resolved": "https://registry.npmjs.org/scheduler/-/scheduler-0.23.2.tgz",
      "integrity": "sha512-UOShsPwz7NrMUqhR6t0hWjFduvOzbtv7toDH1/hIrfRNIDBnnBWd0CwJTGvTpngVlmwGCdP9/Zl/tVrDqcuYzQ==",
      "license": "MIT",
      "dependencies": {
        "loose-envify": "^1.1.0"
      }
    },
    "node_modules/typescript": {
      "version": "5.6.3",
      "resolved": "https://registry.npmjs.org/typescript/-/typescript-5.6.3.tgz",
      "integrity": "sha512-hjcS1mhfuyi4WW8IWtjP7brDrG2cuDZukyrYrSauoXGNgx0S7zceP07adYkJycEr56BOUTNPzbInooiN3fn1qw==",
      "dev": true,
      "license": "Apache-2.0",
      "bin": {
        "tsc": "bin/tsc",
        "tsserver": "bin/tsserver"
      },
      "engines": {
        "node": ">=14.17"
      }
    },
    "node_modules/yjs": {
      "version": "13.6.20",
      "resolved": "https://registry.npmjs.org/yjs/-/yjs-13.6.20.tgz",
      "integrity": "sha512-Z2YZI+SYqK7XdWlloI3lhMiKnCdFCVC4PchpdO+mCYwtiTwncjUbnRK9R1JmkNfdmHyDXuWN3ibJAt0wsqTbLQ==",
      "license": "MIT",
      "peer": true,
      "dependencies": {
        "lib0": "^0.2.98"
      },
      "engines": {
        "node": ">=16.0.0",
        "npm": ">=8.0.0"
      },
      "funding": {
        "type": "GitHub Sponsors ❤",
        "url": "https://github.com/sponsors/dmonad"
      }
    }
  }
}
